
Microsoft Visual Studio Solution File, Format Version 12.00
# Visual Studio Version 18
VisualStudioVersion = 18.4.11626.88 stable
MinimumVisualStudioVersion = 10.0.40219.1
Project("{FAE04EC0-301F-11D3-BF4B-00C04F79EFBC}") = "WebProject", "WebProject.csproj", "{295C036C-35E8-1801-E60D-63D44A2CC088}"
EndProject
Project("{FAE04EC0-301F-11D3-BF4B-00C04F79EFBC}") = "WebProject.Tests", "..\WebProject.Tests\WebProject.Tests.csproj", "{072A0F3F-F725-CDCC-612A-7361EA9E7281}"
EndProject
Project("{FAE04EC0-301F-11D3-BF4B-00C04F79EFBC}") = "WebProject.IntegrationTests", "..\WebProject.IntegrationTests\WebProject.IntegrationTests\WebProject.IntegrationTests.csproj", "{978813FC-C765-430B-8C69-0627B5D73552}"
EndProject
Global
	GlobalSection(SolutionConfigurationPlatforms) = preSolution
		Debug|Any CPU = Debug|Any CPU
		Release|Any CPU = Release|Any CPU
	EndGlobalSection
	GlobalSection(ProjectConfigurationPlatforms) = postSolution
		{295C036C-35E8-1801-E60D-63D44A2CC088}.Debug|Any CPU.ActiveCfg = Debug|Any CPU
		{295C036C-35E8-1801-E60D-63D44A2CC088}.Debug|Any CPU.Build.0 = Debug|Any CPU
		{295C036C-35E8-1801-E60D-63D44A2CC088}.Release|Any CPU.ActiveCfg = Release|Any CPU
		{295C036C-35E8-1801-E60D-63D44A2CC088}.Release|Any CPU.Build.0 = Release|Any CPU
		{072A0F3F-F725-CDCC-612A-7361EA9E7281}.Debug|Any CPU.ActiveCfg = Debug|Any CPU
		{072A0F3F-F725-CDCC-612A-7361EA9E7281}.Debug|Any CPU.Build.0 = Debug|Any CPU
		{072A0F3F-F725-CDCC-612A-7361EA9E7281}.Release|Any CPU.ActiveCfg = Release|Any CPU
		{072A0F3F-F725-CDCC-612A-7361EA9E7281}.Release|Any CPU.Build.0 = Release|Any CPU
		{978813FC-C765-430B-8C69-0627B5D73552}.Debug|Any CPU.ActiveCfg = Debug|Any CPU
		{978813FC-C765-430B-8C69-0627B5D73552}.Debug|Any CPU.Build.0 = Debug|Any CPU
		{978813FC-C765-430B-8C69-0627B5D73552}.Release|Any CPU.ActiveCfg = Release|Any CPU
		{978813FC-C765-430B-8C69-0627B5D73552}.Release|Any CPU.Build.0 = Release|Any CPU
	EndGlobalSection
	GlobalSection(SolutionProperties) = preSolution
		HideSolutionNode = FALSE
	EndGlobalSection
	GlobalSection(ExtensibilityGlobals) = postSolution
		SolutionGuid = {CC28F3D5-7276-4150-976C-2CFA6D86D445}
	EndGlobalSection
EndGlobal
